// !$*UTF8*$!
{
	archiveVersion = 1;
	classes = {
	};
	objectVersion = 77;
	objects = {

/* Begin PBXBuildFile section */
		156B74752F6F076D00A5D6EA /* OrganStstem.swift in Sources */ = {isa = PBXBuildFile; fileRef = 156B74742F6F076D00A5D6EA /* OrganStstem.swift */; };
		156B74772F6F077F00A5D6EA /* Topic.swift in Sources */ = {isa = PBXBuildFile; fileRef = 156B74762F6F077F00A5D6EA /* Topic.swift */; };
		156B74792F6F079000A5D6EA /* TopicSelection.swift in Sources */ = {isa = PBXBuildFile; fileRef = 156B74782F6F079000A5D6EA /* TopicSelection.swift */; };
		156B747B2F6F07B900A5D6EA /* Homeview.swift in Sources */ = {isa = PBXBuildFile; fileRef = 156B747A2F6F07B900A5D6EA /* Homeview.swift */; };
		156B747D2F6F07C800A5D6EA /* TopicDetailedView.swift in Sources */ = {isa = PBXBuildFile; fileRef = 156B747C2F6F07C800A5D6EA /* TopicDetailedView.swift */; };
		156B747F2F6F07DB00A5D6EA /* sectioncard.swift in Sources */ = {isa = PBXBuildFile; fileRef = 156B747E2F6F07DB00A5D6EA /* sectioncard.swift */; };
		156B74812F6F07EE00A5D6EA /* SectionContentView.swift in Sources */ = {isa = PBXBuildFile; fileRef = 156B74802F6F07EE00A5D6EA /* SectionContentView.swift */; };
		156B74832F6F080800A5D6EA /* SampleData.swift in Sources */ = {isa = PBXBuildFile; fileRef = 156B74822F6F080800A5D6EA /* SampleData.swift */; };
		156B74852F6F0D2C00A5D6EA /* DisclaimerView.swift in Sources */ = {isa = PBXBuildFile; fileRef = 156B74842F6F0D2C00A5D6EA /* DisclaimerView.swift */; };
		156B748D2F6FA3CE00A5D6EA /* Symptoms.json in Resources */ = {isa = PBXBuildFile; fileRef = 156B748C2F6FA3CE00A5D6EA /* Symptoms.json */; };
		156B74972F703D6B00A5D6EA /* FavoritesManager.swift in Sources */ = {isa = PBXBuildFile; fileRef = 156B74962F703D6B00A5D6EA /* FavoritesManager.swift */; };
		156B74992F703E9E00A5D6EA /* FavoritesView.swift in Sources */ = {isa = PBXBuildFile; fileRef = 156B74982F703E9E00A5D6EA /* FavoritesView.swift */; };
		156B749B2F717E0F00A5D6EA /* ConversionData.swift in Sources */ = {isa = PBXBuildFile; fileRef = 156B749A2F717E0F00A5D6EA /* ConversionData.swift */; };
		156B749D2F717E2600A5D6EA /* ConversionTableDetailView.swift in Sources */ = {isa = PBXBuildFile; fileRef = 156B749C2F717E2600A5D6EA /* ConversionTableDetailView.swift */; };
		156B749F2F717E3700A5D6EA /* ToolsListView.swift in Sources */ = {isa = PBXBuildFile; fileRef = 156B749E2F717E3700A5D6EA /* ToolsListView.swift */; };
		158026573050B5BC000E25BE /* Oncology_Emergencies.json in Resources */ = {isa = PBXBuildFile; fileRef = 158026503050B5BC000E25BE /* Oncology_Emergencies.json */; };
		158026583050B5BC000E25BE /* content_cardiovascular.json in Resources */ = {isa = PBXBuildFile; fileRef = 158026483050B5BC000E25BE /* content_cardiovascular.json */; };
		158026593050B5BC000E25BE /* content_toxicology.json in Resources */ = {isa = PBXBuildFile; fileRef = 1580264B3050B5BC000E25BE /* content_toxicology.json */; };
		1580265A3050B5BC000E25BE /* content_endocrine_metabolic.json in Resources */ = {isa = PBXBuildFile; fileRef = 158026493050B5BC000E25BE /* content_endocrine_metabolic.json */; };
		1580265B3050B5BC000E25BE /* GI_-_Hepatology.json in Resources */ = {isa = PBXBuildFile; fileRef = 1580264D3050B5BC000E25BE /* GI_-_Hepatology.json */; };
		1580265C3050B5BC000E25BE /* Heme_Emergencies.json in Resources */ = {isa = PBXBuildFile; fileRef = 1580264E3050B5BC000E25BE /* Heme_Emergencies.json */; };
		1580265D3050B5BC000E25BE /* Sepsis_-_Infectious.json in Resources */ = {isa = PBXBuildFile; fileRef = 158026543050B5BC000E25BE /* Sepsis_-_Infectious.json */; };
		158026603050B5BC000E25BE /* content.json in Resources */ = {isa = PBXBuildFile; fileRef = 158026473050B5BC000E25BE /* content.json */; };
		158026613050B5BC000E25BE /* Rapid_Response_Basics.json in Resources */ = {isa = PBXBuildFile; fileRef = 158026513050B5BC000E25BE /* Rapid_Response_Basics.json */; };
		158026623050B5BC000E25BE /* Renal-Electrolytes.json in Resources */ = {isa = PBXBuildFile; fileRef = 158026523050B5BC000E25BE /* Renal-Electrolytes.json */; };
		158026633050B5BC000E25BE /* Neurology.json in Resources */ = {isa = PBXBuildFile; fileRef = 1580264F3050B5BC000E25BE /* Neurology.json */; };
		158026663050B5BC000E25BE /* content_respiratory.json in Resources */ = {isa = PBXBuildFile; fileRef = 1580264A3050B5BC000E25BE /* content_respiratory.json */; };
		158026673050B5BC000E25BE /* Surgical_-_Trauma.json in Resources */ = {isa = PBXBuildFile; fileRef = 158026553050B5BC000E25BE /* Surgical_-_Trauma.json */; };
		15E70EF52F7C3FBE00BB66F3 /* Rapid_ResponseApp.swift in Sources */ = {isa = PBXBuildFile; fileRef = 15E70EF22F7C3FBE00BB66F3 /* Rapid_ResponseApp.swift */; };
		15EF5EE82F75366C0004832C /* ScoreCalculator.swift in Sources */ = {isa = PBXBuildFile; fileRef = 15EF5EE72F75366C0004832C /* ScoreCalculator.swift */; };
		15EF5EEA2F7536960004832C /* ScoreCalculatorView.swift in Sources */ = {isa = PBXBuildFile; fileRef = 15EF5EE92F7536960004832C /* ScoreCalculatorView.swift */; };
/* End PBXBuildFile section */

/* Begin PBXFileReference section */
		156B74602F6F06A400A5D6EA /* Rapid Response.app */ = {isa = PBXFileReference; explicitFileType = wrapper.application; includeInIndex = 0; path = "Rapid Response.app"; sourceTree = BUILT_PRODUCTS_DIR; };
		156B74742F6F076D00A5D6EA /* OrganStstem.swift */ = {isa = PBXFileReference; lastKnownFileType = sourcecode.swift; path = OrganStstem.swift; sourceTree = "<group>"; };
		156B74762F6F077F00A5D6EA /* Topic.swift */ = {isa = PBXFileReference; lastKnownFileType = sourcecode.swift; path = Topic.swift; sourceTree = "<group>"; };
		156B74782F6F079000A5D6EA /* TopicSelection.swift */ = {isa = PBXFileReference; lastKnownFileType = sourcecode.swift; path = TopicSelection.swift; sourceTree = "<group>"; };
		156B747A2F6F07B900A5D6EA /* Homeview.swift */ = {isa = PBXFileReference; lastKnownFileType = sourcecode.swift; path = Homeview.swift; sourceTree = "<group>"; };
		156B747C2F6F07C800A5D6EA /* TopicDetailedView.swift */ = {isa = PBXFileReference; lastKnownFileType = sourcecode.swift; path = TopicDetailedView.swift; sourceTree = "<group>"; };
		156B747E2F6F07DB00A5D6EA /* sectioncard.swift */ = {isa = PBXFileReference; lastKnownFileType = sourcecode.swift; path = sectioncard.swift; sourceTree = "<group>"; };
		156B74802F6F07EE00A5D6EA /* SectionContentView.swift */ = {isa = PBXFileReference; lastKnownFileType = sourcecode.swift; path = SectionContentView.swift; sourceTree = "<group>"; };
		156B74822F6F080800A5D6EA /* SampleData.swift */ = {isa = PBXFileReference; lastKnownFileType = sourcecode.swift; path = SampleData.swift; sourceTree = "<group>"; };
		156B74842F6F0D2C00A5D6EA /* DisclaimerView.swift */ = {isa = PBXFileReference; lastKnownFileType = sourcecode.swift; path = DisclaimerView.swift; sourceTree = "<group>"; };
		156B748C2F6FA3CE00A5D6EA /* Symptoms.json */ = {isa = PBXFileReference; explicitFileType = text.json; path = Symptoms.json; sourceTree = "<group>"; };
		156B74962F703D6B00A5D6EA /* FavoritesManager.swift */ = {isa = PBXFileReference; lastKnownFileType = sourcecode.swift; path = FavoritesManager.swift; sourceTree = "<group>"; };
		156B74982F703E9E00A5D6EA /* FavoritesView.swift */ = {isa = PBXFileReference; lastKnownFileType = sourcecode.swift; path = FavoritesView.swift; sourceTree = "<group>"; };
		156B749A2F717E0F00A5D6EA /* ConversionData.swift */ = {isa = PBXFileReference; lastKnownFileType = sourcecode.swift; path = ConversionData.swift; sourceTree = "<group>"; };
		156B749C2F717E2600A5D6EA /* ConversionTableDetailView.swift */ = {isa = PBXFileReference; lastKnownFileType = sourcecode.swift; path = ConversionTableDetailView.swift; sourceTree = "<group>"; };
		156B749E2F717E3700A5D6EA /* ToolsListView.swift */ = {isa = PBXFileReference; lastKnownFileType = sourcecode.swift; path = ToolsListView.swift; sourceTree = "<group>"; };
		158026473050B5BC000E25BE /* content.json */ = {isa = PBXFileReference; lastKnownFileType = text.json; path = content.json; sourceTree = "<group>"; };
		158026483050B5BC000E25BE /* content_cardiovascular.json */ = {isa = PBXFileReference; lastKnownFileType = text.json; path = content_cardiovascular.json; sourceTree = "<group>"; };
		158026493050B5BC000E25BE /* content_endocrine_metabolic.json */ = {isa = PBXFileReference; lastKnownFileType = text.json; path = content_endocrine_metabolic.json; sourceTree = "<group>"; };
		1580264A3050B5BC000E25BE /* content_respiratory.json */ = {isa = PBXFileReference; lastKnownFileType = text.json; path = content_respiratory.json; sourceTree = "<group>"; };
		1580264B3050B5BC000E25BE /* content_toxicology.json */ = {isa = PBXFileReference; lastKnownFileType = text.json; path = content_toxicology.json; sourceTree = "<group>"; };
		1580264D3050B5BC000E25BE /* GI_-_Hepatology.json */ = {isa = PBXFileReference; lastKnownFileType = text.json; path = "GI_-_Hepatology.json"; sourceTree = "<group>"; };
		1580264E3050B5BC000E25BE /* Heme_Emergencies.json */ = {isa = PBXFileReference; lastKnownFileType = text.json; path = Heme_Emergencies.json; sourceTree = "<group>"; };
		1580264F3050B5BC000E25BE /* Neurology.json */ = {isa = PBXFileReference; lastKnownFileType = text.json; path = Neurology.json; sourceTree = "<group>"; };
		158026503050B5BC000E25BE /* Oncology_Emergencies.json */ = {isa = PBXFileReference; lastKnownFileType = text.json; path = Oncology_Emergencies.json; sourceTree = "<group>"; };
		158026513050B5BC000E25BE /* Rapid_Response_Basics.json */ = {isa = PBXFileReference; lastKnownFileType = text.json; path = Rapid_Response_Basics.json; sourceTree = "<group>"; };
		158026523050B5BC000E25BE /* Renal-Electrolytes.json */ = {isa = PBXFileReference; lastKnownFileType = text.json; path = "Renal-Electrolytes.json"; sourceTree = "<group>"; };
		158026543050B5BC000E25BE /* Sepsis_-_Infectious.json */ = {isa = PBXFileReference; lastKnownFileType = text.json; path = "Sepsis_-_Infectious.json"; sourceTree = "<group>"; };
		158026553050B5BC000E25BE /* Surgical_-_Trauma.json */ = {isa = PBXFileReference; lastKnownFileType = text.json; path = "Surgical_-_Trauma.json"; sourceTree = "<group>"; };
		15E70EF22F7C3FBE00BB66F3 /* Rapid_ResponseApp.swift */ = {isa = PBXFileReference; lastKnownFileType = sourcecode.swift; path = Rapid_ResponseApp.swift; sourceTree = "<group>"; };
		15EF5EE72F75366C0004832C /* ScoreCalculator.swift */ = {isa = PBXFileReference; lastKnownFileType = sourcecode.swift; path = ScoreCalculator.swift; sourceTree = "<group>"; };
		15EF5EE92F7536960004832C /* ScoreCalculatorView.swift */ = {isa = PBXFileReference; lastKnownFileType = sourcecode.swift; path = ScoreCalculatorView.swift; sourceTree = "<group>"; };
/* End PBXFileReference section */

/* Begin PBXFileSystemSynchronizedRootGroup section */
		156B74622F6F06A400A5D6EA /* Rapid Response */ = {
			isa = PBXFileSystemSynchronizedRootGroup;
			path = "Rapid Response";
			sourceTree = "<group>";
		};
/* End PBXFileSystemSynchronizedRootGroup section */

/* Begin PBXFrameworksBuildPhase section */
		156B745D2F6F06A400A5D6EA /* Frameworks */ = {
			isa = PBXFrameworksBuildPhase;
			buildActionMask = 2147483647;
			files = (
			);
			runOnlyForDeploymentPostprocessing = 0;
		};
/* End PBXFrameworksBuildPhase section */

/* Begin PBXGroup section */
		156B74572F6F06A400A5D6EA = {
			isa = PBXGroup;
			children = (
				156B74702F6F06DD00A5D6EA /* Models */,
				156B74722F6F06F400A5D6EA /* Views */,
				156B74732F6F06FD00A5D6EA /* components */,
				156B74712F6F06EA00A5D6EA /* Data */,
			);
			sourceTree = "<group>";
		};
		156B74612F6F06A400A5D6EA /* Products */ = {
			isa = PBXGroup;
			children = (
				156B74602F6F06A400A5D6EA /* Rapid Response.app */,
			);
			name = Products;
			sourceTree = "<group>";
		};
		156B74702F6F06DD00A5D6EA /* Models */ = {
			isa = PBXGroup;
			children = (
				156B74742F6F076D00A5D6EA /* OrganStstem.swift */,
				156B74762F6F077F00A5D6EA /* Topic.swift */,
				156B74782F6F079000A5D6EA /* TopicSelection.swift */,
				156B74622F6F06A400A5D6EA /* Rapid Response */,
				156B74962F703D6B00A5D6EA /* FavoritesManager.swift */,
				156B749A2F717E0F00A5D6EA /* ConversionData.swift */,
				15EF5EE72F75366C0004832C /* ScoreCalculator.swift */,
			);
			path = Models;
			sourceTree = "<group>";
		};
		156B74712F6F06EA00A5D6EA /* Data */ = {
			isa = PBXGroup;
			children = (
				156B74822F6F080800A5D6EA /* SampleData.swift */,
				158026513050B5BC000E25BE /* Rapid_Response_Basics.json */,
				158026483050B5BC000E25BE /* content_cardiovascular.json */,
				1580264A3050B5BC000E25BE /* content_respiratory.json */,
				158026473050B5BC000E25BE /* content.json */,
				1580264F3050B5BC000E25BE /* Neurology.json */,
				158026493050B5BC000E25BE /* content_endocrine_metabolic.json */,
				158026523050B5BC000E25BE /* Renal-Electrolytes.json */,
				1580264D3050B5BC000E25BE /* GI_-_Hepatology.json */,
				158026543050B5BC000E25BE /* Sepsis_-_Infectious.json */,
				1580264E3050B5BC000E25BE /* Heme_Emergencies.json */,
				158026503050B5BC000E25BE /* Oncology_Emergencies.json */,
				158026553050B5BC000E25BE /* Surgical_-_Trauma.json */,
				1580264B3050B5BC000E25BE /* content_toxicology.json */,
				156B74612F6F06A400A5D6EA /* Products */,
				156B748C2F6FA3CE00A5D6EA /* Symptoms.json */,
			);
			path = Data;
			sourceTree = "<group>";
		};
		156B74722F6F06F400A5D6EA /* Views */ = {
			isa = PBXGroup;
			children = (
				156B747A2F6F07B900A5D6EA /* Homeview.swift */,
				156B747C2F6F07C800A5D6EA /* TopicDetailedView.swift */,
				156B74842F6F0D2C00A5D6EA /* DisclaimerView.swift */,
				156B74982F703E9E00A5D6EA /* FavoritesView.swift */,
				15E70EF22F7C3FBE00BB66F3 /* Rapid_ResponseApp.swift */,
				156B749C2F717E2600A5D6EA /* ConversionTableDetailView.swift */,
				156B749E2F717E3700A5D6EA /* ToolsListView.swift */,
				15EF5EE92F7536960004832C /* ScoreCalculatorView.swift */,
			);
			path = Views;
			sourceTree = "<group>";
		};
		156B74732F6F06FD00A5D6EA /* components */ = {
			isa = PBXGroup;
			children = (
				156B747E2F6F07DB00A5D6EA /* sectioncard.swift */,
				156B74802F6F07EE00A5D6EA /* SectionContentView.swift */,
			);
			path = components;
			sourceTree = "<group>";
		};
/* End PBXGroup section */

/* Begin PBXNativeTarget section */
		156B745F2F6F06A400A5D6EA /* Rapid Response */ = {
			isa = PBXNativeTarget;
			buildConfigurationList = 156B746D2F6F06A600A5D6EA /* Build configuration list for PBXNativeTarget "Rapid Response" */;
			buildPhases = (
				156B745C2F6F06A400A5D6EA /* Sources */,
				156B745D2F6F06A400A5D6EA /* Frameworks */,
				156B745E2F6F06A400A5D6EA /* Resources */,
			);
			buildRules = (
			);
			dependencies = (
			);
			fileSystemSynchronizedGroups = (
				156B74622F6F06A400A5D6EA /* Rapid Response */,
			);
			name = "Rapid Response";
			packageProductDependencies = (
			);
			productName = "Rapid Response";
			productReference = 156B74602F6F06A400A5D6EA /* Rapid Response.app */;
			productType = "com.apple.product-type.application";
		};
/* End PBXNativeTarget section */

/* Begin PBXProject section */
		156B74582F6F06A400A5D6EA /* Project object */ = {
			isa = PBXProject;
			attributes = {
				BuildIndependentTargetsInParallel = 1;
				LastSwiftUpdateCheck = 2630;
				LastUpgradeCheck = 2660;
				TargetAttributes = {
					156B745F2F6F06A400A5D6EA = {
						CreatedOnToolsVersion = 26.3;
					};
				};
			};
			buildConfigurationList = 156B745B2F6F06A400A5D6EA /* Build configuration list for PBXProject "Rapid Response" */;
			developmentRegion = en;
			hasScannedForEncodings = 0;
			knownRegions = (
				en,
				Base,
			);
			mainGroup = 156B74572F6F06A400A5D6EA;
			minimizedProjectReferenceProxies = 1;
			preferredProjectObjectVersion = 77;
			productRefGroup = 156B74612F6F06A400A5D6EA /* Products */;
			projectDirPath = "";
			projectRoot = "";
			targets = (
				156B745F2F6F06A400A5D6EA /* Rapid Response */,
			);
		};
/* End PBXProject section */

/* Begin PBXResourcesBuildPhase section */
		156B745E2F6F06A400A5D6EA /* Resources */ = {
			isa = PBXResourcesBuildPhase;
			buildActionMask = 2147483647;
			files = (
				156B748D2F6FA3CE00A5D6EA /* Symptoms.json in Resources */,
				158026573050B5BC000E25BE /* Oncology_Emergencies.json in Resources */,
				158026583050B5BC000E25BE /* content_cardiovascular.json in Resources */,
				158026593050B5BC000E25BE /* content_toxicology.json in Resources */,
				1580265A3050B5BC000E25BE /* content_endocrine_metabolic.json in Resources */,
				1580265B3050B5BC000E25BE /* GI_-_Hepatology.json in Resources */,
				1580265C3050B5BC000E25BE /* Heme_Emergencies.json in Resources */,
				1580265D3050B5BC000E25BE /* Sepsis_-_Infectious.json in Resources */,
				158026603050B5BC000E25BE /* content.json in Resources */,
				158026613050B5BC000E25BE /* Rapid_Response_Basics.json in Resources */,
				158026623050B5BC000E25BE /* Renal-Electrolytes.json in Resources */,
				158026633050B5BC000E25BE /* Neurology.json in Resources */,
				158026663050B5BC000E25BE /* content_respiratory.json in Resources */,
				158026673050B5BC000E25BE /* Surgical_-_Trauma.json in Resources */,
			);
			runOnlyForDeploymentPostprocessing = 0;
		};
/* End PBXResourcesBuildPhase section */

/* Begin PBXSourcesBuildPhase section */
		156B745C2F6F06A400A5D6EA /* Sources */ = {
			isa = PBXSourcesBuildPhase;
			buildActionMask = 2147483647;
			files = (
				156B747F2F6F07DB00A5D6EA /* sectioncard.swift in Sources */,
				15EF5EEA2F7536960004832C /* ScoreCalculatorView.swift in Sources */,
				156B74992F703E9E00A5D6EA /* FavoritesView.swift in Sources */,
				156B747D2F6F07C800A5D6EA /* TopicDetailedView.swift in Sources */,
				15EF5EE82F75366C0004832C /* ScoreCalculator.swift in Sources */,
				156B749D2F717E2600A5D6EA /* ConversionTableDetailView.swift in Sources */,
				156B74772F6F077F00A5D6EA /* Topic.swift in Sources */,
				156B747B2F6F07B900A5D6EA /* Homeview.swift in Sources */,
				156B749F2F717E3700A5D6EA /* ToolsListView.swift in Sources */,
				156B74852F6F0D2C00A5D6EA /* DisclaimerView.swift in Sources */,
				156B749B2F717E0F00A5D6EA /* ConversionData.swift in Sources */,
				156B74792F6F079000A5D6EA /* TopicSelection.swift in Sources */,
				156B74832F6F080800A5D6EA /* SampleData.swift in Sources */,
				156B74812F6F07EE00A5D6EA /* SectionContentView.swift in Sources */,
				156B74972F703D6B00A5D6EA /* FavoritesManager.swift in Sources */,
				156B74752F6F076D00A5D6EA /* OrganStstem.swift in Sources */,
				15E70EF52F7C3FBE00BB66F3 /* Rapid_ResponseApp.swift in Sources */,
			);
			runOnlyForDeploymentPostprocessing = 0;
		};
/* End PBXSourcesBuildPhase section */

/* Begin XCBuildConfiguration section */
		156B746B2F6F06A600A5D6EA /* Debug */ = {
			isa = XCBuildConfiguration;
			buildSettings = {
				ALWAYS_SEARCH_USER_PATHS = NO;
				ASSETCATALOG_COMPILER_GENERATE_SWIFT_ASSET_SYMBOL_EXTENSIONS = YES;
				CLANG_ANALYZER_NONNULL = YES;
				CLANG_ANALYZER_NUMBER_OBJECT_CONVERSION = YES_AGGRESSIVE;
				CLANG_CXX_LANGUAGE_STANDARD = "gnu++20";
				CLANG_ENABLE_MODULES = YES;
				CLANG_ENABLE_OBJC_ARC = YES;
				CLANG_ENABLE_OBJC_WEAK = YES;
				CLANG_WARN_BLOCK_CAPTURE_AUTORELEASING = YES;
				CLANG_WARN_BOOL_CONVERSION = YES;
				CLANG_WARN_COMMA = YES;
				CLANG_WARN_CONSTANT_CONVERSION = YES;
				CLANG_WARN_DEPRECATED_OBJC_IMPLEMENTATIONS = YES;
				CLANG_WARN_DIRECT_OBJC_ISA_USAGE = YES_ERROR;
				CLANG_WARN_DOCUMENTATION_COMMENTS = YES;
				CLANG_WARN_EMPTY_BODY = YES;
				CLANG_WARN_ENUM_CONVERSION = YES;
				CLANG_WARN_INFINITE_RECURSION = YES;
				CLANG_WARN_INT_CONVERSION = YES;
				CLANG_WARN_NON_LITERAL_NULL_CONVERSION = YES;
				CLANG_WARN_OBJC_IMPLICIT_RETAIN_SELF = YES;
				CLANG_WARN_OBJC_LITERAL_CONVERSION = YES;
				CLANG_WARN_OBJC_ROOT_CLASS = YES_ERROR;
				CLANG_WARN_QUOTED_INCLUDE_IN_FRAMEWORK_HEADER = YES;
				CLANG_WARN_RANGE_LOOP_ANALYSIS = YES;
				CLANG_WARN_STRICT_PROTOTYPES = YES;
				CLANG_WARN_SUSPICIOUS_MOVE = YES;
				CLANG_WARN_UNGUARDED_AVAILABILITY = YES_AGGRESSIVE;
				CLANG_WARN_UNREACHABLE_CODE = YES;
				CLANG_WARN__DUPLICATE_METHOD_MATCH = YES;
				COPY_PHASE_STRIP = NO;
				DEBUG_INFORMATION_FORMAT = dwarf;
				DEVELOPMENT_TEAM = 3RRDS6U2N5;
				ENABLE_STRICT_OBJC_MSGSEND = YES;
				ENABLE_TESTABILITY = YES;
				ENABLE_USER_SCRIPT_SANDBOXING = YES;
				GCC_C_LANGUAGE_STANDARD = gnu17;
				GCC_DYNAMIC_NO_PIC = NO;
				GCC_NO_COMMON_BLOCKS = YES;
				GCC_OPTIMIZATION_LEVEL = 0;
				GCC_PREPROCESSOR_DEFINITIONS = (
					"DEBUG=1",
					"$(inherited)",
				);
				GCC_WARN_64_TO_32_BIT_CONVERSION = YES;
				GCC_WARN_ABOUT_RETURN_TYPE = YES_ERROR;
				GCC_WARN_UNDECLARED_SELECTOR = YES;
				GCC_WARN_UNINITIALIZED_AUTOS = YES_AGGRESSIVE;
				GCC_WARN_UNUSED_FUNCTION = YES;
				GCC_WARN_UNUSED_VARIABLE = YES;
				IPHONEOS_DEPLOYMENT_TARGET = 26.2;
				LOCALIZATION_PREFERS_STRING_CATALOGS = YES;
				MTL_ENABLE_DEBUG_INFO = INCLUDE_SOURCE;
				MTL_FAST_MATH = YES;
				ONLY_ACTIVE_ARCH = YES;
				SDKROOT = iphoneos;
				STRING_CATALOG_GENERATE_SYMBOLS = YES;
				SWIFT_ACTIVE_COMPILATION_CONDITIONS = "DEBUG $(inherited)";
				SWIFT_OPTIMIZATION_LEVEL = "-Onone";
			};
			name = Debug;
		};
		156B746C2F6F06A600A5D6EA /* Release */ = {
			isa = XCBuildConfiguration;
			buildSettings = {
				ALWAYS_SEARCH_USER_PATHS = NO;
				ASSETCATALOG_COMPILER_GENERATE_SWIFT_ASSET_SYMBOL_EXTENSIONS = YES;
				CLANG_ANALYZER_NONNULL = YES;
				CLANG_ANALYZER_NUMBER_OBJECT_CONVERSION = YES_AGGRESSIVE;
				CLANG_CXX_LANGUAGE_STANDARD = "gnu++20";
				CLANG_ENABLE_MODULES = YES;
				CLANG_ENABLE_OBJC_ARC = YES;
				CLANG_ENABLE_OBJC_WEAK = YES;
				CLANG_WARN_BLOCK_CAPTURE_AUTORELEASING = YES;
				CLANG_WARN_BOOL_CONVERSION = YES;
				CLANG_WARN_COMMA = YES;
				CLANG_WARN_CONSTANT_CONVERSION = YES;
				CLANG_WARN_DEPRECATED_OBJC_IMPLEMENTATIONS = YES;
				CLANG_WARN_DIRECT_OBJC_ISA_USAGE = YES_ERROR;
				CLANG_WARN_DOCUMENTATION_COMMENTS = YES;
				CLANG_WARN_EMPTY_BODY = YES;
				CLANG_WARN_ENUM_CONVERSION = YES;
				CLANG_WARN_INFINITE_RECURSION = YES;
				CLANG_WARN_INT_CONVERSION = YES;
				CLANG_WARN_NON_LITERAL_NULL_CONVERSION = YES;
				CLANG_WARN_OBJC_IMPLICIT_RETAIN_SELF = YES;
				CLANG_WARN_OBJC_LITERAL_CONVERSION = YES;
				CLANG_WARN_OBJC_ROOT_CLASS = YES_ERROR;
				CLANG_WARN_QUOTED_INCLUDE_IN_FRAMEWORK_HEADER = YES;
				CLANG_WARN_RANGE_LOOP_ANALYSIS = YES;
				CLANG_WARN_STRICT_PROTOTYPES = YES;
				CLANG_WARN_SUSPICIOUS_MOVE = YES;
				CLANG_WARN_UNGUARDED_AVAILABILITY = YES_AGGRESSIVE;
				CLANG_WARN_UNREACHABLE_CODE = YES;
				CLANG_WARN__DUPLICATE_METHOD_MATCH = YES;
				COPY_PHASE_STRIP = NO;
				DEBUG_INFORMATION_FORMAT = "dwarf-with-dsym";
				DEVELOPMENT_TEAM = 3RRDS6U2N5;
				ENABLE_NS_ASSERTIONS = NO;
				ENABLE_STRICT_OBJC_MSGSEND = YES;
				ENABLE_USER_SCRIPT_SANDBOXING = YES;
				GCC_C_LANGUAGE_STANDARD = gnu17;
				GCC_NO_COMMON_BLOCKS = YES;
				GCC_WARN_64_TO_32_BIT_CONVERSION = YES;
				GCC_WARN_ABOUT_RETURN_TYPE = YES_ERROR;
				GCC_WARN_UNDECLARED_SELECTOR = YES;
				GCC_WARN_UNINITIALIZED_AUTOS = YES_AGGRESSIVE;
				GCC_WARN_UNUSED_FUNCTION = YES;
				GCC_WARN_UNUSED_VARIABLE = YES;
				IPHONEOS_DEPLOYMENT_TARGET = 26.2;
				LOCALIZATION_PREFERS_STRING_CATALOGS = YES;
				MTL_ENABLE_DEBUG_INFO = NO;
				MTL_FAST_MATH = YES;
				SDKROOT = iphoneos;
				STRING_CATALOG_GENERATE_SYMBOLS = YES;
				SWIFT_COMPILATION_MODE = wholemodule;
				VALIDATE_PRODUCT = YES;
			};
			name = Release;
		};
		156B746E2F6F06A600A5D6EA /* Debug */ = {
			isa = XCBuildConfiguration;
			buildSettings = {
				ASSETCATALOG_COMPILER_APPICON_NAME = AppIcon;
				ASSETCATALOG_COMPILER_GLOBAL_ACCENT_COLOR_NAME = AccentColor;
				CODE_SIGN_STYLE = Automatic;
				CURRENT_PROJECT_VERSION = 1;
				DEVELOPMENT_TEAM = 3RRDS6U2N5;
				ENABLE_PREVIEWS = YES;
				GENERATE_INFOPLIST_FILE = YES;
				INFOPLIST_KEY_CFBundleDisplayName = "Rapid Response Team RRTx";
				INFOPLIST_KEY_LSApplicationCategoryType = "public.app-category.education";
				INFOPLIST_KEY_UIApplicationSceneManifest_Generation = YES;
				INFOPLIST_KEY_UIApplicationSupportsIndirectInputEvents = YES;
				INFOPLIST_KEY_UILaunchScreen_Generation = YES;
				INFOPLIST_KEY_UISupportedInterfaceOrientations_iPad = "UIInterfaceOrientationPortrait UIInterfaceOrientationPortraitUpsideDown UIInterfaceOrientationLandscapeLeft UIInterfaceOrientationLandscapeRight";
				INFOPLIST_KEY_UISupportedInterfaceOrientations_iPhone = "UIInterfaceOrientationPortrait UIInterfaceOrientationLandscapeLeft UIInterfaceOrientationLandscapeRight";
				LD_RUNPATH_SEARCH_PATHS = (
					"$(inherited)",
					"@executable_path/Frameworks",
				);
				MARKETING_VERSION = 1.1;
				PRODUCT_BUNDLE_IDENTIFIER = "MCG.Rapid-Response";
				PRODUCT_NAME = "$(TARGET_NAME)";
				STRING_CATALOG_GENERATE_SYMBOLS = YES;
				SWIFT_APPROACHABLE_CONCURRENCY = YES;
				SWIFT_DEFAULT_ACTOR_ISOLATION = MainActor;
				SWIFT_EMIT_LOC_STRINGS = YES;
				SWIFT_UPCOMING_FEATURE_MEMBER_IMPORT_VISIBILITY = YES;
				SWIFT_VERSION = 5.0;
				TARGETED_DEVICE_FAMILY = "1,2";
			};
			name = Debug;
		};
		156B746F2F6F06A600A5D6EA /* Release */ = {
			isa = XCBuildConfiguration;
			buildSettings = {
				ASSETCATALOG_COMPILER_APPICON_NAME = AppIcon;
				ASSETCATALOG_COMPILER_GLOBAL_ACCENT_COLOR_NAME = AccentColor;
				CODE_SIGN_IDENTITY = "Apple Development";
				CODE_SIGN_STYLE = Automatic;
				CURRENT_PROJECT_VERSION = 1;
				DEVELOPMENT_TEAM = 3RRDS6U2N5;
				ENABLE_PREVIEWS = YES;
				GENERATE_INFOPLIST_FILE = YES;
				INFOPLIST_KEY_CFBundleDisplayName = "Rapid Response Team RRTx";
				INFOPLIST_KEY_LSApplicationCategoryType = "public.app-category.education";
				INFOPLIST_KEY_UIApplicationSceneManifest_Generation = YES;
				INFOPLIST_KEY_UIApplicationSupportsIndirectInputEvents = YES;
				INFOPLIST_KEY_UILaunchScreen_Generation = YES;
				INFOPLIST_KEY_UISupportedInterfaceOrientations_iPad = "UIInterfaceOrientationPortrait UIInterfaceOrientationPortraitUpsideDown UIInterfaceOrientationLandscapeLeft UIInterfaceOrientationLandscapeRight";
				INFOPLIST_KEY_UISupportedInterfaceOrientations_iPhone = "UIInterfaceOrientationPortrait UIInterfaceOrientationLandscapeLeft UIInterfaceOrientationLandscapeRight";
				LD_RUNPATH_SEARCH_PATHS = (
					"$(inherited)",
					"@executable_path/Frameworks",
				);
				MARKETING_VERSION = 1.1;
				PRODUCT_BUNDLE_IDENTIFIER = "MCG.Rapid-Response";
				PRODUCT_NAME = "$(TARGET_NAME)";
				PROVISIONING_PROFILE_SPECIFIER = "";
				STRING_CATALOG_GENERATE_SYMBOLS = YES;
				SWIFT_APPROACHABLE_CONCURRENCY = YES;
				SWIFT_DEFAULT_ACTOR_ISOLATION = MainActor;
				SWIFT_EMIT_LOC_STRINGS = YES;
				SWIFT_UPCOMING_FEATURE_MEMBER_IMPORT_VISIBILITY = YES;
				SWIFT_VERSION = 5.0;
				TARGETED_DEVICE_FAMILY = "1,2";
			};
			name = Release;
		};
/* End XCBuildConfiguration section */

/* Begin XCConfigurationList section */
		156B745B2F6F06A400A5D6EA /* Build configuration list for PBXProject "Rapid Response" */ = {
			isa = XCConfigurationList;
			buildConfigurations = (
				156B746B2F6F06A600A5D6EA /* Debug */,
				156B746C2F6F06A600A5D6EA /* Release */,
			);
			defaultConfigurationIsVisible = 0;
			defaultConfigurationName = Release;
		};
		156B746D2F6F06A600A5D6EA /* Build configuration list for PBXNativeTarget "Rapid Response" */ = {
			isa = XCConfigurationList;
			buildConfigurations = (
				156B746E2F6F06A600A5D6EA /* Debug */,
				156B746F2F6F06A600A5D6EA /* Release */,
			);
			defaultConfigurationIsVisible = 0;
			defaultConfigurationName = Release;
		};
/* End XCConfigurationList section */
	};
	rootObject = 156B74582F6F06A400A5D6EA /* Project object */;
}
